// !$*UTF8*$!
{
	archiveVersion = 1;
	classes = {
	};
	objectVersion = 46;
	objects = {

/* Begin PBXBuildFile section */
		843CA8F71E08BE0200B6B12F /* AddRecipeViewController.swift in Sources */ = {isa = PBXBuildFile; fileRef = 843CA8F61E08BE0100B6B12F /* AddRecipeViewController.swift */; };
		84F1EE7C1E002E7800A878B1 /* AppDelegate.swift in Sources */ = {isa = PBXBuildFile; fileRef = 84F1EE7B1E002E7800A878B1 /* AppDelegate.swift */; };
		84F1EE811E002E7800A878B1 /* Main.storyboard in Resources */ = {isa = PBXBuildFile; fileRef = 84F1EE7F1E002E7800A878B1 /* Main.storyboard */; };
		84F1EE831E002E7800A878B1 /* Assets.xcassets in Resources */ = {isa = PBXBuildFile; fileRef = 84F1EE821E002E7800A878B1 /* Assets.xcassets */; };
		84F1EE861E002E7800A878B1 /* LaunchScreen.storyboard in Resources */ = {isa = PBXBuildFile; fileRef = 84F1EE841E002E7800A878B1 /* LaunchScreen.storyboard */; };
		84F1EE8E1E00353700A878B1 /* LoginViewController.swift in Sources */ = {isa = PBXBuildFile; fileRef = 84F1EE8D1E00353700A878B1 /* LoginViewController.swift */; };
		84F1EE901E00354200A878B1 /* RegisterPageViewController.swift in Sources */ = {isa = PBXBuildFile; fileRef = 84F1EE8F1E00354200A878B1 /* RegisterPageViewController.swift */; };
		84F1EE921E00358D00A878B1 /* ViewController.swift in Sources */ = {isa = PBXBuildFile; fileRef = 84F1EE911E00358D00A878B1 /* ViewController.swift */; };
		84F1EE961E00710B00A878B1 /* CloudKit.framework in Frameworks */ = {isa = PBXBuildFile; fileRef = 84F1EE951E00710B00A878B1 /* CloudKit.framework */; };
		84F1EE981E007F7300A878B1 /* DetailViewController.swift in Sources */ = {isa = PBXBuildFile; fileRef = 84F1EE971E007F7300A878B1 /* DetailViewController.swift */; };
		84F1EE9A1E007F7F00A878B1 /* Recipe.swift in Sources */ = {isa = PBXBuildFile; fileRef = 84F1EE991E007F7E00A878B1 /* Recipe.swift */; };
		84F1EE9D1E007F8800A878B1 /* TableViewCell.swift in Sources */ = {isa = PBXBuildFile; fileRef = 84F1EE9B1E007F8800A878B1 /* TableViewCell.swift */; };
		84F1EE9E1E007F8800A878B1 /* TableViewController.swift in Sources */ = {isa = PBXBuildFile; fileRef = 84F1EE9C1E007F8800A878B1 /* TableViewController.swift */; };
		84F1EEA11E00808C00A878B1 /* Realm.framework in Frameworks */ = {isa = PBXBuildFile; fileRef = 84F1EE9F1E00808C00A878B1 /* Realm.framework */; };
		84F1EEA21E00808C00A878B1 /* Realm.framework in Embed Frameworks */ = {isa = PBXBuildFile; fileRef = 84F1EE9F1E00808C00A878B1 /* Realm.framework */; settings = {ATTRIBUTES = (CodeSignOnCopy, RemoveHeadersOnCopy, ); }; };
		84F1EEA31E00808C00A878B1 /* RealmSwift.framework in Frameworks */ = {isa = PBXBuildFile; fileRef = 84F1EEA01E00808C00A878B1 /* RealmSwift.framework */; };
		84F1EEA41E00808C00A878B1 /* RealmSwift.framework in Embed Frameworks */ = {isa = PBXBuildFile; fileRef = 84F1EEA01E00808C00A878B1 /* RealmSwift.framework */; settings = {ATTRIBUTES = (CodeSignOnCopy, RemoveHeadersOnCopy, ); }; };
/* End PBXBuildFile section */

/* Begin PBXCopyFilesBuildPhase section */
		84F1EEA51E00808D00A878B1 /* Embed Frameworks */ = {
			isa = PBXCopyFilesBuildPhase;
			buildActionMask = 2147483647;
			dstPath = "";
			dstSubfolderSpec = 10;
			files = (
				84F1EEA41E00808C00A878B1 /* RealmSwift.framework in Embed Frameworks */,
				84F1EEA21E00808C00A878B1 /* Realm.framework in Embed Frameworks */,
			);
			name = "Embed Frameworks";
			runOnlyForDeploymentPostprocessing = 0;
		};
/* End PBXCopyFilesBuildPhase section */

/* Begin PBXFileReference section */
		843CA8F61E08BE0100B6B12F /* AddRecipeViewController.swift */ = {isa = PBXFileReference; fileEncoding = 4; lastKnownFileType = sourcecode.swift; path = AddRecipeViewController.swift; sourceTree = "<group>"; };
		84F1EE781E002E7800A878B1 /* delishApp.app */ = {isa = PBXFileReference; explicitFileType = wrapper.application; includeInIndex = 0; path = delishApp.app; sourceTree = BUILT_PRODUCTS_DIR; };
		84F1EE7B1E002E7800A878B1 /* AppDelegate.swift */ = {isa = PBXFileReference; lastKnownFileType = sourcecode.swift; path = AppDelegate.swift; sourceTree = "<group>"; };
		84F1EE801E002E7800A878B1 /* Base */ = {isa = PBXFileReference; lastKnownFileType = file.storyboard; name = Base; path = Base.lproj/Main.storyboard; sourceTree = "<group>"; };
		84F1EE821E002E7800A878B1 /* Assets.xcassets */ = {isa = PBXFileReference; lastKnownFileType = folder.assetcatalog; path = Assets.xcassets; sourceTree = "<group>"; };
		84F1EE851E002E7800A878B1 /* Base */ = {isa = PBXFileReference; lastKnownFileType = file.storyboard; name = Base; path = Base.lproj/LaunchScreen.storyboard; sourceTree = "<group>"; };
		84F1EE871E002E7800A878B1 /* Info.plist */ = {isa = PBXFileReference; lastKnownFileType = text.plist.xml; path = Info.plist; sourceTree = "<group>"; };
		84F1EE8D1E00353700A878B1 /* LoginViewController.swift */ = {isa = PBXFileReference; fileEncoding = 4; lastKnownFileType = sourcecode.swift; path = LoginViewController.swift; sourceTree = "<group>"; };
		84F1EE8F1E00354200A878B1 /* RegisterPageViewController.swift */ = {isa = PBXFileReference; fileEncoding = 4; lastKnownFileType = sourcecode.swift; path = RegisterPageViewController.swift; sourceTree = "<group>"; };
		84F1EE911E00358D00A878B1 /* ViewController.swift */ = {isa = PBXFileReference; fileEncoding = 4; lastKnownFileType = sourcecode.swift; path = ViewController.swift; sourceTree = "<group>"; };
		84F1EE931E00710000A878B1 /* delishApp.entitlements */ = {isa = PBXFileReference; lastKnownFileType = text.plist.entitlements; path = delishApp.entitlements; sourceTree = "<group>"; };
		84F1EE951E00710B00A878B1 /* CloudKit.framework */ = {isa = PBXFileReference; lastKnownFileType = wrapper.framework; name = CloudKit.framework; path = System/Library/Frameworks/CloudKit.framework; sourceTree = SDKROOT; };
		84F1EE971E007F7300A878B1 /* DetailViewController.swift */ = {isa = PBXFileReference; fileEncoding = 4; lastKnownFileType = sourcecode.swift; path = DetailViewController.swift; sourceTree = "<group>"; };
		84F1EE991E007F7E00A878B1 /* Recipe.swift */ = {isa = PBXFileReference; fileEncoding = 4; lastKnownFileType = sourcecode.swift; path = Recipe.swift; sourceTree = "<group>"; };
		84F1EE9B1E007F8800A878B1 /* TableViewCell.swift */ = {isa = PBXFileReference; fileEncoding = 4; lastKnownFileType = sourcecode.swift; path = TableViewCell.swift; sourceTree = "<group>"; };
		84F1EE9C1E007F8800A878B1 /* TableViewController.swift */ = {isa = PBXFileReference; fileEncoding = 4; lastKnownFileType = sourcecode.swift; path = TableViewController.swift; sourceTree = "<group>"; };
		84F1EE9F1E00808C00A878B1 /* Realm.framework */ = {isa = PBXFileReference; lastKnownFileType = wrapper.framework; path = Realm.framework; sourceTree = "<group>"; };
		84F1EEA01E00808C00A878B1 /* RealmSwift.framework */ = {isa = PBXFileReference; lastKnownFileType = wrapper.framework; path = RealmSwift.framework; sourceTree = "<group>"; };
/* End PBXFileReference section */

/* Begin PBXFrameworksBuildPhase section */
		84F1EE751E002E7800A878B1 /* Frameworks */ = {
			isa = PBXFrameworksBuildPhase;
			buildActionMask = 2147483647;
			files = (
				84F1EEA11E00808C00A878B1 /* Realm.framework in Frameworks */,
				84F1EE961E00710B00A878B1 /* CloudKit.framework in Frameworks */,
				84F1EEA31E00808C00A878B1 /* RealmSwift.framework in Frameworks */,
			);
			runOnlyForDeploymentPostprocessing = 0;
		};
/* End PBXFrameworksBuildPhase section */

/* Begin PBXGroup section */
		84F1EE6F1E002E7700A878B1 = {
			isa = PBXGroup;
			children = (
				84F1EE9F1E00808C00A878B1 /* Realm.framework */,
				84F1EEA01E00808C00A878B1 /* RealmSwift.framework */,
				84F1EE7A1E002E7800A878B1 /* delishApp */,
				84F1EE791E002E7800A878B1 /* Products */,
				84F1EE941E00710B00A878B1 /* Frameworks */,
			);
			sourceTree = "<group>";
		};
		84F1EE791E002E7800A878B1 /* Products */ = {
			isa = PBXGroup;
			children = (
				84F1EE781E002E7800A878B1 /* delishApp.app */,
			);
			name = Products;
			sourceTree = "<group>";
		};
		84F1EE7A1E002E7800A878B1 /* delishApp */ = {
			isa = PBXGroup;
			children = (
				84F1EE931E00710000A878B1 /* delishApp.entitlements */,
				84F1EE7B1E002E7800A878B1 /* AppDelegate.swift */,
				84F1EE911E00358D00A878B1 /* ViewController.swift */,
				84F1EE7F1E002E7800A878B1 /* Main.storyboard */,
				843CA8F61E08BE0100B6B12F /* AddRecipeViewController.swift */,
				84F1EE821E002E7800A878B1 /* Assets.xcassets */,
				84F1EE841E002E7800A878B1 /* LaunchScreen.storyboard */,
				84F1EE8F1E00354200A878B1 /* RegisterPageViewController.swift */,
				84F1EE9B1E007F8800A878B1 /* TableViewCell.swift */,
				84F1EE9C1E007F8800A878B1 /* TableViewController.swift */,
				84F1EE971E007F7300A878B1 /* DetailViewController.swift */,
				84F1EE8D1E00353700A878B1 /* LoginViewController.swift */,
				84F1EE991E007F7E00A878B1 /* Recipe.swift */,
				84F1EE871E002E7800A878B1 /* Info.plist */,
			);
			path = delishApp;
			sourceTree = "<group>";
		};
		84F1EE941E00710B00A878B1 /* Frameworks */ = {
			isa = PBXGroup;
			children = (
				84F1EE951E00710B00A878B1 /* CloudKit.framework */,
			);
			name = Frameworks;
			sourceTree = "<group>";
		};
/* End PBXGroup section */

/* Begin PBXNativeTarget section */
		84F1EE771E002E7800A878B1 /* delishApp */ = {
			isa = PBXNativeTarget;
			buildConfigurationList = 84F1EE8A1E002E7800A878B1 /* Build configuration list for PBXNativeTarget "delishApp" */;
			buildPhases = (
				84F1EE741E002E7800A878B1 /* Sources */,
				84F1EE751E002E7800A878B1 /* Frameworks */,
				84F1EE761E002E7800A878B1 /* Resources */,
				84F1EEA51E00808D00A878B1 /* Embed Frameworks */,
			);
			buildRules = (
			);
			dependencies = (
			);
			name = delishApp;
			productName = delishApp;
			productReference = 84F1EE781E002E7800A878B1 /* delishApp.app */;
			productType = "com.apple.product-type.application";
		};
/* End PBXNativeTarget section */

/* Begin PBXProject section */
		84F1EE701E002E7700A878B1 /* Project object */ = {
			isa = PBXProject;
			attributes = {
				LastSwiftUpdateCheck = 0810;
				LastUpgradeCheck = 0810;
				ORGANIZATIONNAME = "Vik Nikolova";
				TargetAttributes = {
					84F1EE771E002E7800A878B1 = {
						CreatedOnToolsVersion = 8.1;
						DevelopmentTeam = 4JLUJ8SU2K;
						ProvisioningStyle = Automatic;
						SystemCapabilities = {
							com.apple.Push = {
								enabled = 1;
							};
							com.apple.iCloud = {
								enabled = 1;
							};
						};
					};
				};
			};
			buildConfigurationList = 84F1EE731E002E7700A878B1 /* Build configuration list for PBXProject "delishApp" */;
			compatibilityVersion = "Xcode 3.2";
			developmentRegion = English;
			hasScannedForEncodings = 0;
			knownRegions = (
				en,
				Base,
			);
			mainGroup = 84F1EE6F1E002E7700A878B1;
			productRefGroup = 84F1EE791E002E7800A878B1 /* Products */;
			projectDirPath = "";
			projectRoot = "";
			targets = (
				84F1EE771E002E7800A878B1 /* delishApp */,
			);
		};
/* End PBXProject section */

/* Begin PBXResourcesBuildPhase section */
		84F1EE761E002E7800A878B1 /* Resources */ = {
			isa = PBXResourcesBuildPhase;
			buildActionMask = 2147483647;
			files = (
				84F1EE861E002E7800A878B1 /* LaunchScreen.storyboard in Resources */,
				84F1EE831E002E7800A878B1 /* Assets.xcassets in Resources */,
				84F1EE811E002E7800A878B1 /* Main.storyboard in Resources */,
			);
			runOnlyForDeploymentPostprocessing = 0;
		};
/* End PBXResourcesBuildPhase section */

/* Begin PBXSourcesBuildPhase section */
		84F1EE741E002E7800A878B1 /* Sources */ = {
			isa = PBXSourcesBuildPhase;
			buildActionMask = 2147483647;
			files = (
				843CA8F71E08BE0200B6B12F /* AddRecipeViewController.swift in Sources */,
				84F1EE901E00354200A878B1 /* RegisterPageViewController.swift in Sources */,
				84F1EE8E1E00353700A878B1 /* LoginViewController.swift in Sources */,
				84F1EE981E007F7300A878B1 /* DetailViewController.swift in Sources */,
				84F1EE9E1E007F8800A878B1 /* TableViewController.swift in Sources */,
				84F1EE9A1E007F7F00A878B1 /* Recipe.swift in Sources */,
				84F1EE921E00358D00A878B1 /* ViewController.swift in Sources */,
				84F1EE9D1E007F8800A878B1 /* TableViewCell.swift in Sources */,
				84F1EE7C1E002E7800A878B1 /* AppDelegate.swift in Sources */,
			);
			runOnlyForDeploymentPostprocessing = 0;
		};
/* End PBXSourcesBuildPhase section */

/* Begin PBXVariantGroup section */
		84F1EE7F1E002E7800A878B1 /* Main.storyboard */ = {
			isa = PBXVariantGroup;
			children = (
				84F1EE801E002E7800A878B1 /* Base */,
			);
			name = Main.storyboard;
			sourceTree = "<group>";
		};
		84F1EE841E002E7800A878B1 /* LaunchScreen.storyboard */ = {
			isa = PBXVariantGroup;
			children = (
				84F1EE851E002E7800A878B1 /* Base */,
			);
			name = LaunchScreen.storyboard;
			sourceTree = "<group>";
		};
/* End PBXVariantGroup section */

/* Begin XCBuildConfiguration section */
		84F1EE881E002E7800A878B1 /* Debug */ = {
			isa = XCBuildConfiguration;
			buildSettings = {
				ALWAYS_SEARCH_USER_PATHS = NO;
				CLANG_ANALYZER_NONNULL = YES;
				CLANG_CXX_LANGUAGE_STANDARD = "gnu++0x";
				CLANG_CXX_LIBRARY = "libc++";
				CLANG_ENABLE_MODULES = YES;
				CLANG_ENABLE_OBJC_ARC = YES;
				CLANG_WARN_BOOL_CONVERSION = YES;
				CLANG_WARN_CONSTANT_CONVERSION = YES;
				CLANG_WARN_DIRECT_OBJC_ISA_USAGE = YES_ERROR;
				CLANG_WARN_DOCUMENTATION_COMMENTS = YES;
				CLANG_WARN_EMPTY_BODY = YES;
				CLANG_WARN_ENUM_CONVERSION = YES;
				CLANG_WARN_INFINITE_RECURSION = YES;
				CLANG_WARN_INT_CONVERSION = YES;
				CLANG_WARN_OBJC_ROOT_CLASS = YES_ERROR;
				CLANG_WARN_SUSPICIOUS_MOVES = YES;
				CLANG_WARN_UNREACHABLE_CODE = YES;
				CLANG_WARN__DUPLICATE_METHOD_MATCH = YES;
				"CODE_SIGN_IDENTITY[sdk=iphoneos*]" = "iPhone Developer";
				COPY_PHASE_STRIP = NO;
				DEBUG_INFORMATION_FORMAT = dwarf;
				ENABLE_STRICT_OBJC_MSGSEND = YES;
				ENABLE_TESTABILITY = YES;
				GCC_C_LANGUAGE_STANDARD = gnu99;
				GCC_DYNAMIC_NO_PIC = NO;
				GCC_NO_COMMON_BLOCKS = YES;
				GCC_OPTIMIZATION_LEVEL = 0;
				GCC_PREPROCESSOR_DEFINITIONS = (
					"DEBUG=1",
					"$(inherited)",
				);
				GCC_WARN_64_TO_32_BIT_CONVERSION = YES;
				GCC_WARN_ABOUT_RETURN_TYPE = YES_ERROR;
				GCC_WARN_UNDECLARED_SELECTOR = YES;
				GCC_WARN_UNINITIALIZED_AUTOS = YES_AGGRESSIVE;
				GCC_WARN_UNUSED_FUNCTION = YES;
				GCC_WARN_UNUSED_VARIABLE = YES;
				IPHONEOS_DEPLOYMENT_TARGET = 10.1;
				MTL_ENABLE_DEBUG_INFO = YES;
				ONLY_ACTIVE_ARCH = YES;
				SDKROOT = iphoneos;
				SWIFT_ACTIVE_COMPILATION_CONDITIONS = DEBUG;
				SWIFT_OPTIMIZATION_LEVEL = "-Onone";
			};
			name = Debug;
		};
		84F1EE891E002E7800A878B1 /* Release */ = {
			isa = XCBuildConfiguration;
			buildSettings = {
				ALWAYS_SEARCH_USER_PATHS = NO;
				CLANG_ANALYZER_NONNULL = YES;
				CLANG_CXX_LANGUAGE_STANDARD = "gnu++0x";
				CLANG_CXX_LIBRARY = "libc++";
				CLANG_ENABLE_MODULES = YES;
				CLANG_ENABLE_OBJC_ARC = YES;
				CLANG_WARN_BOOL_CONVERSION = YES;
				CLANG_WARN_CONSTANT_CONVERSION = YES;
				CLANG_WARN_DIRECT_OBJC_ISA_USAGE = YES_ERROR;
				CLANG_WARN_DOCUMENTATION_COMMENTS = YES;
				CLANG_WARN_EMPTY_BODY = YES;
				CLANG_WARN_ENUM_CONVERSION = YES;
				CLANG_WARN_INFINITE_RECURSION = YES;
				CLANG_WARN_INT_CONVERSION = YES;
				CLANG_WARN_OBJC_ROOT_CLASS = YES_ERROR;
				CLANG_WARN_SUSPICIOUS_MOVES = YES;
				CLANG_WARN_UNREACHABLE_CODE = YES;
				CLANG_WARN__DUPLICATE_METHOD_MATCH = YES;
				"CODE_SIGN_IDENTITY[sdk=iphoneos*]" = "iPhone Developer";
				COPY_PHASE_STRIP = NO;
				DEBUG_INFORMATION_FORMAT = "dwarf-with-dsym";
				ENABLE_NS_ASSERTIONS = NO;
				ENABLE_STRICT_OBJC_MSGSEND = YES;
				GCC_C_LANGUAGE_STANDARD = gnu99;
				GCC_NO_COMMON_BLOCKS = YES;
				GCC_WARN_64_TO_32_BIT_CONVERSION = YES;
				GCC_WARN_ABOUT_RETURN_TYPE = YES_ERROR;
				GCC_WARN_UNDECLARED_SELECTOR = YES;
				GCC_WARN_UNINITIALIZED_AUTOS = YES_AGGRESSIVE;
				GCC_WARN_UNUSED_FUNCTION = YES;
				GCC_WARN_UNUSED_VARIABLE = YES;
				IPHONEOS_DEPLOYMENT_TARGET = 10.1;
				MTL_ENABLE_DEBUG_INFO = NO;
				SDKROOT = iphoneos;
				SWIFT_OPTIMIZATION_LEVEL = "-Owholemodule";
				VALIDATE_PRODUCT = YES;
			};
			name = Release;
		};
		84F1EE8B1E002E7800A878B1 /* Debug */ = {
			isa = XCBuildConfiguration;
			buildSettings = {
				ASSETCATALOG_COMPILER_APPICON_NAME = AppIcon;
				CODE_SIGN_ENTITLEMENTS = delishApp/delishApp.entitlements;
				DEVELOPMENT_TEAM = 4JLUJ8SU2K;
				FRAMEWORK_SEARCH_PATHS = (
					"$(inherited)",
					"$(PROJECT_DIR)",
				);
				INFOPLIST_FILE = delishApp/Info.plist;
				LD_RUNPATH_SEARCH_PATHS = "$(inherited) @executable_path/Frameworks";
				PRODUCT_BUNDLE_IDENTIFIER = com.viknikolova.delishApp;
				PRODUCT_NAME = "$(TARGET_NAME)";
				SWIFT_VERSION = 3.0;
			};
			name = Debug;
		};
		84F1EE8C1E002E7800A878B1 /* Release */ = {
			isa = XCBuildConfiguration;
			buildSettings = {
				ASSETCATALOG_COMPILER_APPICON_NAME = AppIcon;
				CODE_SIGN_ENTITLEMENTS = delishApp/delishApp.entitlements;
				DEVELOPMENT_TEAM = 4JLUJ8SU2K;
				FRAMEWORK_SEARCH_PATHS = (
					"$(inherited)",
					"$(PROJECT_DIR)",
				);
				INFOPLIST_FILE = delishApp/Info.plist;
				LD_RUNPATH_SEARCH_PATHS = "$(inherited) @executable_path/Frameworks";
				PRODUCT_BUNDLE_IDENTIFIER = com.viknikolova.delishApp;
				PRODUCT_NAME = "$(TARGET_NAME)";
				SWIFT_VERSION = 3.0;
			};
			name = Release;
		};
/* End XCBuildConfiguration section */

/* Begin XCConfigurationList section */
		84F1EE731E002E7700A878B1 /* Build configuration list for PBXProject "delishApp" */ = {
			isa = XCConfigurationList;
			buildConfigurations = (
				84F1EE881E002E7800A878B1 /* Debug */,
				84F1EE891E002E7800A878B1 /* Release */,
			);
			defaultConfigurationIsVisible = 0;
			defaultConfigurationName = Release;
		};
		84F1EE8A1E002E7800A878B1 /* Build configuration list for PBXNativeTarget "delishApp" */ = {
			isa = XCConfigurationList;
			buildConfigurations = (
				84F1EE8B1E002E7800A878B1 /* Debug */,
				84F1EE8C1E002E7800A878B1 /* Release */,
			);
			defaultConfigurationIsVisible = 0;
			defaultConfigurationName = Release;
		};
/* End XCConfigurationList section */
	};
	rootObject = 84F1EE701E002E7700A878B1 /* Project object */;
}
